
Microsoft Visual Studio Solution File, Format Version 12.00
# Visual Studio Version 17
VisualStudioVersion = 17.9.34714.143
MinimumVisualStudioVersion = 10.0.40219.1
Project("{9A19103F-16F7-4668-BE54-9A1E7A4F7556}") = "WeatherForecastApi", "WeatherForecastApi.csproj", "{4E3B850A-CF35-4488-88C7-334F59C78AC9}"
EndProject
Global
	GlobalSection(SolutionConfigurationPlatforms) = preSolution
		Debug|Any CPU = Debug|Any CPU
		Release|Any CPU = Release|Any CPU
	EndGlobalSection
	GlobalSection(ProjectConfigurationPlatforms) = postSolution
		{4E3B850A-CF35-4488-88C7-334F59C78AC9}.Debug|Any CPU.ActiveCfg = Debug|Any CPU
		{4E3B850A-CF35-4488-88C7-334F59C78AC9}.Debug|Any CPU.Build.0 = Debug|Any CPU
		{4E3B850A-CF35-4488-88C7-334F59C78AC9}.Release|Any CPU.ActiveCfg = Release|Any CPU
		{4E3B850A-CF35-4488-88C7-334F59C78AC9}.Release|Any CPU.Build.0 = Release|Any CPU
	EndGlobalSection
	GlobalSection(SolutionProperties) = preSolution
		HideSolutionNode = FALSE
	EndGlobalSection
	GlobalSection(ExtensibilityGlobals) = postSolution
		SolutionGuid = {1A3AAC5D-D521-48FC-8968-7AE05ED512CC}
	EndGlobalSection
EndGlobal
